
Microsoft Visual Studio Solution File, Format Version 12.00
# Visual Studio 14
VisualStudioVersion = 14.0.22310.1
MinimumVisualStudioVersion = 10.0.40219.1
Project("{FAE04EC0-301F-11D3-BF4B-00C04F79EFBC}") = "System.Collections.Immutable.net40-client", "System.Collections.Immutable\src\System.Collections.Immutable.net40-client.csproj", "{D550DC59-8708-47FC-87C4-013794221FBC}"
EndProject
Project("{FAE04EC0-301F-11D3-BF4B-00C04F79EFBC}") = "System.Collections.Immutable.Tests.net40-client", "System.Collections.Immutable\tests\System.Collections.Immutable.Tests.net40-client.csproj", "{C9CB0057-6B77-4AE0-95D5-98C84F3FE5A1}"
EndProject
Project("{FAE04EC0-301F-11D3-BF4B-00C04F79EFBC}") = "System.Collections.Immutable.portable-net40", "System.Collections.Immutable\src\System.Collections.Immutable.portable-net40.csproj", "{418E9FC8-A042-4EE5-B20C-72F86A51AEED}"
EndProject
Project("{FAE04EC0-301F-11D3-BF4B-00C04F79EFBC}") = "System.Collections.Immutable.Tests.portable-net40", "System.Collections.Immutable\tests\System.Collections.Immutable.Tests.portable-net40.csproj", "{1F05CF36-7E79-4FCB-B753-67249EA0FAF2}"
EndProject
Project("{FAE04EC0-301F-11D3-BF4B-00C04F79EFBC}") = "System.Collections.Immutable.portable-net45", "System.Collections.Immutable\src\System.Collections.Immutable.portable-net45.csproj", "{1DD0FF15-6234-4BD6-850A-317F05479554}"
EndProject
Project("{FAE04EC0-301F-11D3-BF4B-00C04F79EFBC}") = "System.Collections.Immutable.Tests.portable-net45", "System.Collections.Immutable\tests\System.Collections.Immutable.Tests.portable-net45.csproj", "{95DFC527-4DC1-495E-97D7-E94EE1F7140D}"
EndProject
Global
	GlobalSection(SolutionConfigurationPlatforms) = preSolution
		Debug|Any CPU = Debug|Any CPU
		Release|Any CPU = Release|Any CPU
	EndGlobalSection
	GlobalSection(ProjectConfigurationPlatforms) = postSolution
		{D550DC59-8708-47FC-87C4-013794221FBC}.Debug|Any CPU.ActiveCfg = Debug|Any CPU
		{D550DC59-8708-47FC-87C4-013794221FBC}.Debug|Any CPU.Build.0 = Debug|Any CPU
		{D550DC59-8708-47FC-87C4-013794221FBC}.Release|Any CPU.ActiveCfg = Release|Any CPU
		{D550DC59-8708-47FC-87C4-013794221FBC}.Release|Any CPU.Build.0 = Release|Any CPU
		{C9CB0057-6B77-4AE0-95D5-98C84F3FE5A1}.Debug|Any CPU.ActiveCfg = Debug|Any CPU
		{C9CB0057-6B77-4AE0-95D5-98C84F3FE5A1}.Debug|Any CPU.Build.0 = Debug|Any CPU
		{C9CB0057-6B77-4AE0-95D5-98C84F3FE5A1}.Release|Any CPU.ActiveCfg = Release|Any CPU
		{C9CB0057-6B77-4AE0-95D5-98C84F3FE5A1}.Release|Any CPU.Build.0 = Release|Any CPU
		{418E9FC8-A042-4EE5-B20C-72F86A51AEED}.Debug|Any CPU.ActiveCfg = Debug|Any CPU
		{418E9FC8-A042-4EE5-B20C-72F86A51AEED}.Debug|Any CPU.Build.0 = Debug|Any CPU
		{418E9FC8-A042-4EE5-B20C-72F86A51AEED}.Release|Any CPU.ActiveCfg = Release|Any CPU
		{418E9FC8-A042-4EE5-B20C-72F86A51AEED}.Release|Any CPU.Build.0 = Release|Any CPU
		{1F05CF36-7E79-4FCB-B753-67249EA0FAF2}.Debug|Any CPU.ActiveCfg = Debug|Any CPU
		{1F05CF36-7E79-4FCB-B753-67249EA0FAF2}.Debug|Any CPU.Build.0 = Debug|Any CPU
		{1F05CF36-7E79-4FCB-B753-67249EA0FAF2}.Release|Any CPU.ActiveCfg = Release|Any CPU
		{1F05CF36-7E79-4FCB-B753-67249EA0FAF2}.Release|Any CPU.Build.0 = Release|Any CPU
		{1DD0FF15-6234-4BD6-850A-317F05479554}.Debug|Any CPU.ActiveCfg = Debug|Any CPU
		{1DD0FF15-6234-4BD6-850A-317F05479554}.Debug|Any CPU.Build.0 = Debug|Any CPU
		{1DD0FF15-6234-4BD6-850A-317F05479554}.Release|Any CPU.ActiveCfg = Release|Any CPU
		{1DD0FF15-6234-4BD6-850A-317F05479554}.Release|Any CPU.Build.0 = Release|Any CPU
		{95DFC527-4DC1-495E-97D7-E94EE1F7140D}.Debug|Any CPU.ActiveCfg = Debug|Any CPU
		{95DFC527-4DC1-495E-97D7-E94EE1F7140D}.Debug|Any CPU.Build.0 = Debug|Any CPU
		{95DFC527-4DC1-495E-97D7-E94EE1F7140D}.Release|Any CPU.ActiveCfg = Release|Any CPU
		{95DFC527-4DC1-495E-97D7-E94EE1F7140D}.Release|Any CPU.Build.0 = Release|Any CPU
	EndGlobalSection
	GlobalSection(SolutionProperties) = preSolution
		HideSolutionNode = FALSE
	EndGlobalSection
EndGlobal
